
Microsoft Visual Studio Solution File, Format Version 12.00
# Visual Studio 2013
Project("{FAE04EC0-301F-11D3-BF4B-00C04F79EFBC}") = "UnityVS.AssetBundleBuilder.CSharp", "UnityVS.AssetBundleBuilder.CSharp.csproj", "{B9E64D07-0F1C-1DB2-64D7-2E05B15EE212}"
EndProject
Project("{FAE04EC0-301F-11D3-BF4B-00C04F79EFBC}") = "UnityVS.AssetBundleBuilder.CSharp.Editor", "UnityVS.AssetBundleBuilder.CSharp.Editor.csproj", "{3B4AD259-8FBE-252F-B208-934DDED4FD6B}"
EndProject
Global
	GlobalSection(SolutionConfigurationPlatforms) = preSolution
		Debug|Any CPU = Debug|Any CPU
		Release|Any CPU = Release|Any CPU
	EndGlobalSection
	GlobalSection(ProjectConfigurationPlatforms) = postSolution
		{B9E64D07-0F1C-1DB2-64D7-2E05B15EE212}.Debug|Any CPU.ActiveCfg = Debug|Any CPU
		{B9E64D07-0F1C-1DB2-64D7-2E05B15EE212}.Debug|Any CPU.Build.0 = Debug|Any CPU
		{B9E64D07-0F1C-1DB2-64D7-2E05B15EE212}.Release|Any CPU.ActiveCfg = Release|Any CPU
		{B9E64D07-0F1C-1DB2-64D7-2E05B15EE212}.Release|Any CPU.Build.0 = Release|Any CPU
		{3B4AD259-8FBE-252F-B208-934DDED4FD6B}.Debug|Any CPU.ActiveCfg = Debug|Any CPU
		{3B4AD259-8FBE-252F-B208-934DDED4FD6B}.Debug|Any CPU.Build.0 = Debug|Any CPU
		{3B4AD259-8FBE-252F-B208-934DDED4FD6B}.Release|Any CPU.ActiveCfg = Release|Any CPU
		{3B4AD259-8FBE-252F-B208-934DDED4FD6B}.Release|Any CPU.Build.0 = Release|Any CPU
	EndGlobalSection
	GlobalSection(SolutionProperties) = preSolution
		HideSolutionNode = FALSE
	EndGlobalSection
EndGlobal
